// !$*UTF8*$!
{
	archiveVersion = 1;
	classes = {
	};
	objectVersion = 56;
	objects = {

/* Begin PBXBuildFile section */
		4067DC3F0958CF8B050A99D5 /* Pods_GBGooglemaps.framework in Frameworks */ = {isa = PBXBuildFile; fileRef = 001ABC9E1C325BA779BB326D /* Pods_GBGooglemaps.framework */; };
		7513923329E82C1000D78104 /* RealmService.swift in Sources */ = {isa = PBXBuildFile; fileRef = 7513923229E82C1000D78104 /* RealmService.swift */; };
		75A6C0FB29D2416500649122 /* AppDelegate.swift in Sources */ = {isa = PBXBuildFile; fileRef = 75A6C0FA29D2416500649122 /* AppDelegate.swift */; };
		75A6C0FD29D2416500649122 /* SceneDelegate.swift in Sources */ = {isa = PBXBuildFile; fileRef = 75A6C0FC29D2416500649122 /* SceneDelegate.swift */; };
		75A6C0FF29D2416500649122 /* MapViewController.swift in Sources */ = {isa = PBXBuildFile; fileRef = 75A6C0FE29D2416500649122 /* MapViewController.swift */; };
		75A6C10229D2416500649122 /* Main.storyboard in Resources */ = {isa = PBXBuildFile; fileRef = 75A6C10029D2416500649122 /* Main.storyboard */; };
		75A6C10429D2416600649122 /* Assets.xcassets in Resources */ = {isa = PBXBuildFile; fileRef = 75A6C10329D2416600649122 /* Assets.xcassets */; };
		75A6C10729D2416600649122 /* LaunchScreen.storyboard in Resources */ = {isa = PBXBuildFile; fileRef = 75A6C10529D2416600649122 /* LaunchScreen.storyboard */; };
/* End PBXBuildFile section */

/* Begin PBXFileReference section */
		001ABC9E1C325BA779BB326D /* Pods_GBGooglemaps.framework */ = {isa = PBXFileReference; explicitFileType = wrapper.framework; includeInIndex = 0; path = Pods_GBGooglemaps.framework; sourceTree = BUILT_PRODUCTS_DIR; };
		054260708B002F5C94548EA0 /* Pods_GBGooglemaps_GBGooglemapsUITests.framework */ = {isa = PBXFileReference; explicitFileType = wrapper.framework; includeInIndex = 0; path = Pods_GBGooglemaps_GBGooglemapsUITests.framework; sourceTree = BUILT_PRODUCTS_DIR; };
		336E26744FA72568AD8D5B56 /* Pods-GBGooglemaps-GBGooglemapsUITests.release.xcconfig */ = {isa = PBXFileReference; includeInIndex = 1; lastKnownFileType = text.xcconfig; name = "Pods-GBGooglemaps-GBGooglemapsUITests.release.xcconfig"; path = "Target Support Files/Pods-GBGooglemaps-GBGooglemapsUITests/Pods-GBGooglemaps-GBGooglemapsUITests.release.xcconfig"; sourceTree = "<group>"; };
		35EE4A98D52B8F90D3E31D5C /* Pods_GBGooglemapsTests.framework */ = {isa = PBXFileReference; explicitFileType = wrapper.framework; includeInIndex = 0; path = Pods_GBGooglemapsTests.framework; sourceTree = BUILT_PRODUCTS_DIR; };
		7513923229E82C1000D78104 /* RealmService.swift */ = {isa = PBXFileReference; lastKnownFileType = sourcecode.swift; path = RealmService.swift; sourceTree = "<group>"; };
		75A6C0F729D2416500649122 /* GBGooglemaps.app */ = {isa = PBXFileReference; explicitFileType = wrapper.application; includeInIndex = 0; path = GBGooglemaps.app; sourceTree = BUILT_PRODUCTS_DIR; };
		75A6C0FA29D2416500649122 /* AppDelegate.swift */ = {isa = PBXFileReference; lastKnownFileType = sourcecode.swift; path = AppDelegate.swift; sourceTree = "<group>"; };
		75A6C0FC29D2416500649122 /* SceneDelegate.swift */ = {isa = PBXFileReference; lastKnownFileType = sourcecode.swift; path = SceneDelegate.swift; sourceTree = "<group>"; };
		75A6C0FE29D2416500649122 /* MapViewController.swift */ = {isa = PBXFileReference; lastKnownFileType = sourcecode.swift; path = MapViewController.swift; sourceTree = "<group>"; };
		75A6C10129D2416500649122 /* Base */ = {isa = PBXFileReference; lastKnownFileType = file.storyboard; name = Base; path = Base.lproj/Main.storyboard; sourceTree = "<group>"; };
		75A6C10329D2416600649122 /* Assets.xcassets */ = {isa = PBXFileReference; lastKnownFileType = folder.assetcatalog; path = Assets.xcassets; sourceTree = "<group>"; };
		75A6C10629D2416600649122 /* Base */ = {isa = PBXFileReference; lastKnownFileType = file.storyboard; name = Base; path = Base.lproj/LaunchScreen.storyboard; sourceTree = "<group>"; };
		75A6C10829D2416600649122 /* Info.plist */ = {isa = PBXFileReference; lastKnownFileType = text.plist.xml; path = Info.plist; sourceTree = "<group>"; };
		75A6C11129D2416600649122 /* GBGooglemapsTests.swift */ = {isa = PBXFileReference; lastKnownFileType = sourcecode.swift; path = GBGooglemapsTests.swift; sourceTree = "<group>"; };
		75A6C11B29D2416600649122 /* GBGooglemapsUITests.swift */ = {isa = PBXFileReference; lastKnownFileType = sourcecode.swift; path = GBGooglemapsUITests.swift; sourceTree = "<group>"; };
		75A6C11D29D2416600649122 /* GBGooglemapsUITestsLaunchTests.swift */ = {isa = PBXFileReference; lastKnownFileType = sourcecode.swift; path = GBGooglemapsUITestsLaunchTests.swift; sourceTree = "<group>"; };
		A61E1618C977FA771A2C6CEA /* Pods-GBGooglemapsTests.release.xcconfig */ = {isa = PBXFileReference; includeInIndex = 1; lastKnownFileType = text.xcconfig; name = "Pods-GBGooglemapsTests.release.xcconfig"; path = "Target Support Files/Pods-GBGooglemapsTests/Pods-GBGooglemapsTests.release.xcconfig"; sourceTree = "<group>"; };
		C174D1EE48411F7DAE11AE02 /* Pods-GBGooglemapsTests.debug.xcconfig */ = {isa = PBXFileReference; includeInIndex = 1; lastKnownFileType = text.xcconfig; name = "Pods-GBGooglemapsTests.debug.xcconfig"; path = "Target Support Files/Pods-GBGooglemapsTests/Pods-GBGooglemapsTests.debug.xcconfig"; sourceTree = "<group>"; };
		F0044CF13BE26650177A5324 /* Pods-GBGooglemaps.release.xcconfig */ = {isa = PBXFileReference; includeInIndex = 1; lastKnownFileType = text.xcconfig; name = "Pods-GBGooglemaps.release.xcconfig"; path = "Target Support Files/Pods-GBGooglemaps/Pods-GBGooglemaps.release.xcconfig"; sourceTree = "<group>"; };
		F8FFF2EB8346EB80E9C46C59 /* Pods-GBGooglemaps.debug.xcconfig */ = {isa = PBXFileReference; includeInIndex = 1; lastKnownFileType = text.xcconfig; name = "Pods-GBGooglemaps.debug.xcconfig"; path = "Target Support Files/Pods-GBGooglemaps/Pods-GBGooglemaps.debug.xcconfig"; sourceTree = "<group>"; };
		FD7817AC72CAEA1D7A6D446C /* Pods-GBGooglemaps-GBGooglemapsUITests.debug.xcconfig */ = {isa = PBXFileReference; includeInIndex = 1; lastKnownFileType = text.xcconfig; name = "Pods-GBGooglemaps-GBGooglemapsUITests.debug.xcconfig"; path = "Target Support Files/Pods-GBGooglemaps-GBGooglemapsUITests/Pods-GBGooglemaps-GBGooglemapsUITests.debug.xcconfig"; sourceTree = "<group>"; };
/* End PBXFileReference section */

/* Begin PBXFrameworksBuildPhase section */
		75A6C0F429D2416500649122 /* Frameworks */ = {
			isa = PBXFrameworksBuildPhase;
			buildActionMask = 2147483647;
			files = (
				4067DC3F0958CF8B050A99D5 /* Pods_GBGooglemaps.framework in Frameworks */,
			);
			runOnlyForDeploymentPostprocessing = 0;
		};
/* End PBXFrameworksBuildPhase section */

/* Begin PBXGroup section */
		373B6BBE02888FCE3D80A98E /* Pods */ = {
			isa = PBXGroup;
			children = (
				F8FFF2EB8346EB80E9C46C59 /* Pods-GBGooglemaps.debug.xcconfig */,
				F0044CF13BE26650177A5324 /* Pods-GBGooglemaps.release.xcconfig */,
				FD7817AC72CAEA1D7A6D446C /* Pods-GBGooglemaps-GBGooglemapsUITests.debug.xcconfig */,
				336E26744FA72568AD8D5B56 /* Pods-GBGooglemaps-GBGooglemapsUITests.release.xcconfig */,
				C174D1EE48411F7DAE11AE02 /* Pods-GBGooglemapsTests.debug.xcconfig */,
				A61E1618C977FA771A2C6CEA /* Pods-GBGooglemapsTests.release.xcconfig */,
			);
			path = Pods;
			sourceTree = "<group>";
		};
		7513923029E82BCE00D78104 /* App */ = {
			isa = PBXGroup;
			children = (
				7513923129E82BDA00D78104 /* Services */,
			);
			path = App;
			sourceTree = "<group>";
		};
		7513923129E82BDA00D78104 /* Services */ = {
			isa = PBXGroup;
			children = (
				7513923229E82C1000D78104 /* RealmService.swift */,
			);
			path = Services;
			sourceTree = "<group>";
		};
		7541EADD29D24D1200A21909 /* Flow */ = {
			isa = PBXGroup;
			children = (
				75A6C0FE29D2416500649122 /* MapViewController.swift */,
			);
			path = Flow;
			sourceTree = "<group>";
		};
		75A6C0EE29D2416500649122 = {
			isa = PBXGroup;
			children = (
				75A6C0F929D2416500649122 /* GBGooglemaps */,
				75A6C11029D2416600649122 /* GBGooglemapsTests */,
				75A6C11A29D2416600649122 /* GBGooglemapsUITests */,
				75A6C0F829D2416500649122 /* Products */,
				373B6BBE02888FCE3D80A98E /* Pods */,
				7A82CBB590061C2965B0F416 /* Frameworks */,
			);
			sourceTree = "<group>";
		};
		75A6C0F829D2416500649122 /* Products */ = {
			isa = PBXGroup;
			children = (
				75A6C0F729D2416500649122 /* GBGooglemaps.app */,
			);
			name = Products;
			sourceTree = "<group>";
		};
		75A6C0F929D2416500649122 /* GBGooglemaps */ = {
			isa = PBXGroup;
			children = (
				7513923029E82BCE00D78104 /* App */,
				7541EADD29D24D1200A21909 /* Flow */,
				75A6C0FA29D2416500649122 /* AppDelegate.swift */,
				75A6C0FC29D2416500649122 /* SceneDelegate.swift */,
				75A6C10029D2416500649122 /* Main.storyboard */,
				75A6C10329D2416600649122 /* Assets.xcassets */,
				75A6C10529D2416600649122 /* LaunchScreen.storyboard */,
				75A6C10829D2416600649122 /* Info.plist */,
			);
			path = GBGooglemaps;
			sourceTree = "<group>";
		};
		75A6C11029D2416600649122 /* GBGooglemapsTests */ = {
			isa = PBXGroup;
			children = (
				75A6C11129D2416600649122 /* GBGooglemapsTests.swift */,
			);
			path = GBGooglemapsTests;
			sourceTree = "<group>";
		};
		75A6C11A29D2416600649122 /* GBGooglemapsUITests */ = {
			isa = PBXGroup;
			children = (
				75A6C11B29D2416600649122 /* GBGooglemapsUITests.swift */,
				75A6C11D29D2416600649122 /* GBGooglemapsUITestsLaunchTests.swift */,
			);
			path = GBGooglemapsUITests;
			sourceTree = "<group>";
		};
		7A82CBB590061C2965B0F416 /* Frameworks */ = {
			isa = PBXGroup;
			children = (
				001ABC9E1C325BA779BB326D /* Pods_GBGooglemaps.framework */,
				054260708B002F5C94548EA0 /* Pods_GBGooglemaps_GBGooglemapsUITests.framework */,
				35EE4A98D52B8F90D3E31D5C /* Pods_GBGooglemapsTests.framework */,
			);
			name = Frameworks;
			sourceTree = "<group>";
		};
/* End PBXGroup section */

/* Begin PBXNativeTarget section */
		75A6C0F629D2416500649122 /* GBGooglemaps */ = {
			isa = PBXNativeTarget;
			buildConfigurationList = 75A6C12129D2416600649122 /* Build configuration list for PBXNativeTarget "GBGooglemaps" */;
			buildPhases = (
				554EC426EA268EC32E2BA8D8 /* [CP] Check Pods Manifest.lock */,
				75A6C0F329D2416500649122 /* Sources */,
				75A6C0F429D2416500649122 /* Frameworks */,
				75A6C0F529D2416500649122 /* Resources */,
				3DD8F6ADD8764EB58B61D52A /* [CP] Copy Pods Resources */,
				7513923429E82D4500D78104 /* ShellScript */,
			);
			buildRules = (
			);
			dependencies = (
			);
			name = GBGooglemaps;
			productName = GBGooglemaps;
			productReference = 75A6C0F729D2416500649122 /* GBGooglemaps.app */;
			productType = "com.apple.product-type.application";
		};
/* End PBXNativeTarget section */

/* Begin PBXProject section */
		75A6C0EF29D2416500649122 /* Project object */ = {
			isa = PBXProject;
			attributes = {
				BuildIndependentTargetsInParallel = 1;
				LastSwiftUpdateCheck = 1420;
				LastUpgradeCheck = 1420;
				TargetAttributes = {
					75A6C0F629D2416500649122 = {
						CreatedOnToolsVersion = 14.2;
					};
				};
			};
			buildConfigurationList = 75A6C0F229D2416500649122 /* Build configuration list for PBXProject "GBGooglemaps" */;
			compatibilityVersion = "Xcode 14.0";
			developmentRegion = en;
			hasScannedForEncodings = 0;
			knownRegions = (
				en,
				Base,
			);
			mainGroup = 75A6C0EE29D2416500649122;
			productRefGroup = 75A6C0F829D2416500649122 /* Products */;
			projectDirPath = "";
			projectRoot = "";
			targets = (
				75A6C0F629D2416500649122 /* GBGooglemaps */,
			);
		};
/* End PBXProject section */

/* Begin PBXResourcesBuildPhase section */
		75A6C0F529D2416500649122 /* Resources */ = {
			isa = PBXResourcesBuildPhase;
			buildActionMask = 2147483647;
			files = (
				75A6C10729D2416600649122 /* LaunchScreen.storyboard in Resources */,
				75A6C10429D2416600649122 /* Assets.xcassets in Resources */,
				75A6C10229D2416500649122 /* Main.storyboard in Resources */,
			);
			runOnlyForDeploymentPostprocessing = 0;
		};
/* End PBXResourcesBuildPhase section */

/* Begin PBXShellScriptBuildPhase section */
		3DD8F6ADD8764EB58B61D52A /* [CP] Copy Pods Resources */ = {
			isa = PBXShellScriptBuildPhase;
			buildActionMask = 2147483647;
			files = (
			);
			inputFileListPaths = (
				"${PODS_ROOT}/Target Support Files/Pods-GBGooglemaps/Pods-GBGooglemaps-resources-${CONFIGURATION}-input-files.xcfilelist",
			);
			name = "[CP] Copy Pods Resources";
			outputFileListPaths = (
				"${PODS_ROOT}/Target Support Files/Pods-GBGooglemaps/Pods-GBGooglemaps-resources-${CONFIGURATION}-output-files.xcfilelist",
			);
			runOnlyForDeploymentPostprocessing = 0;
			shellPath = /bin/sh;
			shellScript = "\"${PODS_ROOT}/Target Support Files/Pods-GBGooglemaps/Pods-GBGooglemaps-resources.sh\"\n";
			showEnvVarsInLog = 0;
		};
		554EC426EA268EC32E2BA8D8 /* [CP] Check Pods Manifest.lock */ = {
			isa = PBXShellScriptBuildPhase;
			buildActionMask = 2147483647;
			files = (
			);
			inputFileListPaths = (
			);
			inputPaths = (
				"${PODS_PODFILE_DIR_PATH}/Podfile.lock",
				"${PODS_ROOT}/Manifest.lock",
			);
			name = "[CP] Check Pods Manifest.lock";
			outputFileListPaths = (
			);
			outputPaths = (
				"$(DERIVED_FILE_DIR)/Pods-GBGooglemaps-checkManifestLockResult.txt",
			);
			runOnlyForDeploymentPostprocessing = 0;
			shellPath = /bin/sh;
			shellScript = "diff \"${PODS_PODFILE_DIR_PATH}/Podfile.lock\" \"${PODS_ROOT}/Manifest.lock\" > /dev/null\nif [ $? != 0 ] ; then\n    # print error to STDERR\n    echo \"error: The sandbox is not in sync with the Podfile.lock. Run 'pod install' or update your CocoaPods installation.\" >&2\n    exit 1\nfi\n# This output is used by Xcode 'outputs' to avoid re-running this script phase.\necho \"SUCCESS\" > \"${SCRIPT_OUTPUT_FILE_0}\"\n";
			showEnvVarsInLog = 0;
		};
		7513923429E82D4500D78104 /* ShellScript */ = {
			isa = PBXShellScriptBuildPhase;
			buildActionMask = 2147483647;
			files = (
			);
			inputFileListPaths = (
			);
			inputPaths = (
			);
			outputFileListPaths = (
			);
			outputPaths = (
			);
			runOnlyForDeploymentPostprocessing = 0;
			shellPath = /bin/sh;
			shellScript = "# Type a script or drag a script file from your workspace to insert its path.\n# exit 0\nPATH=/opt/homebrew/bin:$PATH\nif [ -f ~/com.raywenderlich.swiftlint.yml ]; then\n  if which swiftlint >/dev/null; then\n    swiftlint --no-cache --config ~/com.raywenderlich.swiftlint.yml\n  fi\nfi\n";
		};
/* End PBXShellScriptBuildPhase section */

/* Begin PBXSourcesBuildPhase section */
		75A6C0F329D2416500649122 /* Sources */ = {
			isa = PBXSourcesBuildPhase;
			buildActionMask = 2147483647;
			files = (
				75A6C0FF29D2416500649122 /* MapViewController.swift in Sources */,
				75A6C0FB29D2416500649122 /* AppDelegate.swift in Sources */,
				75A6C0FD29D2416500649122 /* SceneDelegate.swift in Sources */,
				7513923329E82C1000D78104 /* RealmService.swift in Sources */,
			);
			runOnlyForDeploymentPostprocessing = 0;
		};
/* End PBXSourcesBuildPhase section */

/* Begin PBXVariantGroup section */
		75A6C10029D2416500649122 /* Main.storyboard */ = {
			isa = PBXVariantGroup;
			children = (
				75A6C10129D2416500649122 /* Base */,
			);
			name = Main.storyboard;
			sourceTree = "<group>";
		};
		75A6C10529D2416600649122 /* LaunchScreen.storyboard */ = {
			isa = PBXVariantGroup;
			children = (
				75A6C10629D2416600649122 /* Base */,
			);
			name = LaunchScreen.storyboard;
			sourceTree = "<group>";
		};
/* End PBXVariantGroup section */

/* Begin XCBuildConfiguration section */
		75A6C11F29D2416600649122 /* Debug */ = {
			isa = XCBuildConfiguration;
			buildSettings = {
				ALWAYS_SEARCH_USER_PATHS = NO;
				CLANG_ANALYZER_NONNULL = YES;
				CLANG_ANALYZER_NUMBER_OBJECT_CONVERSION = YES_AGGRESSIVE;
				CLANG_CXX_LANGUAGE_STANDARD = "gnu++20";
				CLANG_ENABLE_MODULES = YES;
				CLANG_ENABLE_OBJC_ARC = YES;
				CLANG_ENABLE_OBJC_WEAK = YES;
				CLANG_WARN_BLOCK_CAPTURE_AUTORELEASING = YES;
				CLANG_WARN_BOOL_CONVERSION = YES;
				CLANG_WARN_COMMA = YES;
				CLANG_WARN_CONSTANT_CONVERSION = YES;
				CLANG_WARN_DEPRECATED_OBJC_IMPLEMENTATIONS = YES;
				CLANG_WARN_DIRECT_OBJC_ISA_USAGE = YES_ERROR;
				CLANG_WARN_DOCUMENTATION_COMMENTS = YES;
				CLANG_WARN_EMPTY_BODY = YES;
				CLANG_WARN_ENUM_CONVERSION = YES;
				CLANG_WARN_INFINITE_RECURSION = YES;
				CLANG_WARN_INT_CONVERSION = YES;
				CLANG_WARN_NON_LITERAL_NULL_CONVERSION = YES;
				CLANG_WARN_OBJC_IMPLICIT_RETAIN_SELF = YES;
				CLANG_WARN_OBJC_LITERAL_CONVERSION = YES;
				CLANG_WARN_OBJC_ROOT_CLASS = YES_ERROR;
				CLANG_WARN_QUOTED_INCLUDE_IN_FRAMEWORK_HEADER = YES;
				CLANG_WARN_RANGE_LOOP_ANALYSIS = YES;
				CLANG_WARN_STRICT_PROTOTYPES = YES;
				CLANG_WARN_SUSPICIOUS_MOVE = YES;
				CLANG_WARN_UNGUARDED_AVAILABILITY = YES_AGGRESSIVE;
				CLANG_WARN_UNREACHABLE_CODE = YES;
				CLANG_WARN__DUPLICATE_METHOD_MATCH = YES;
				COPY_PHASE_STRIP = NO;
				DEBUG_INFORMATION_FORMAT = dwarf;
				ENABLE_STRICT_OBJC_MSGSEND = YES;
				ENABLE_TESTABILITY = YES;
				EXCLUDED_ARCHS = "arm64 i386";
				GCC_C_LANGUAGE_STANDARD = gnu11;
				GCC_DYNAMIC_NO_PIC = NO;
				GCC_NO_COMMON_BLOCKS = YES;
				GCC_OPTIMIZATION_LEVEL = 0;
				GCC_PREPROCESSOR_DEFINITIONS = (
					"DEBUG=1",
					"$(inherited)",
				);
				GCC_WARN_64_TO_32_BIT_CONVERSION = YES;
				GCC_WARN_ABOUT_RETURN_TYPE = YES_ERROR;
				GCC_WARN_UNDECLARED_SELECTOR = YES;
				GCC_WARN_UNINITIALIZED_AUTOS = YES_AGGRESSIVE;
				GCC_WARN_UNUSED_FUNCTION = YES;
				GCC_WARN_UNUSED_VARIABLE = YES;
				IPHONEOS_DEPLOYMENT_TARGET = 16.2;
				MTL_ENABLE_DEBUG_INFO = INCLUDE_SOURCE;
				MTL_FAST_MATH = YES;
				ONLY_ACTIVE_ARCH = YES;
				SDKROOT = iphoneos;
				SWIFT_ACTIVE_COMPILATION_CONDITIONS = DEBUG;
				SWIFT_OPTIMIZATION_LEVEL = "-Onone";
			};
			name = Debug;
		};
		75A6C12029D2416600649122 /* Release */ = {
			isa = XCBuildConfiguration;
			buildSettings = {
				ALWAYS_SEARCH_USER_PATHS = NO;
				CLANG_ANALYZER_NONNULL = YES;
				CLANG_ANALYZER_NUMBER_OBJECT_CONVERSION = YES_AGGRESSIVE;
				CLANG_CXX_LANGUAGE_STANDARD = "gnu++20";
				CLANG_ENABLE_MODULES = YES;
				CLANG_ENABLE_OBJC_ARC = YES;
				CLANG_ENABLE_OBJC_WEAK = YES;
				CLANG_WARN_BLOCK_CAPTURE_AUTORELEASING = YES;
				CLANG_WARN_BOOL_CONVERSION = YES;
				CLANG_WARN_COMMA = YES;
				CLANG_WARN_CONSTANT_CONVERSION = YES;
				CLANG_WARN_DEPRECATED_OBJC_IMPLEMENTATIONS = YES;
				CLANG_WARN_DIRECT_OBJC_ISA_USAGE = YES_ERROR;
				CLANG_WARN_DOCUMENTATION_COMMENTS = YES;
				CLANG_WARN_EMPTY_BODY = YES;
				CLANG_WARN_ENUM_CONVERSION = YES;
				CLANG_WARN_INFINITE_RECURSION = YES;
				CLANG_WARN_INT_CONVERSION = YES;
				CLANG_WARN_NON_LITERAL_NULL_CONVERSION = YES;
				CLANG_WARN_OBJC_IMPLICIT_RETAIN_SELF = YES;
				CLANG_WARN_OBJC_LITERAL_CONVERSION = YES;
				CLANG_WARN_OBJC_ROOT_CLASS = YES_ERROR;
				CLANG_WARN_QUOTED_INCLUDE_IN_FRAMEWORK_HEADER = YES;
				CLANG_WARN_RANGE_LOOP_ANALYSIS = YES;
				CLANG_WARN_STRICT_PROTOTYPES = YES;
				CLANG_WARN_SUSPICIOUS_MOVE = YES;
				CLANG_WARN_UNGUARDED_AVAILABILITY = YES_AGGRESSIVE;
				CLANG_WARN_UNREACHABLE_CODE = YES;
				CLANG_WARN__DUPLICATE_METHOD_MATCH = YES;
				COPY_PHASE_STRIP = NO;
				DEBUG_INFORMATION_FORMAT = "dwarf-with-dsym";
				ENABLE_NS_ASSERTIONS = NO;
				ENABLE_STRICT_OBJC_MSGSEND = YES;
				GCC_C_LANGUAGE_STANDARD = gnu11;
				GCC_NO_COMMON_BLOCKS = YES;
				GCC_WARN_64_TO_32_BIT_CONVERSION = YES;
				GCC_WARN_ABOUT_RETURN_TYPE = YES_ERROR;
				GCC_WARN_UNDECLARED_SELECTOR = YES;
				GCC_WARN_UNINITIALIZED_AUTOS = YES_AGGRESSIVE;
				GCC_WARN_UNUSED_FUNCTION = YES;
				GCC_WARN_UNUSED_VARIABLE = YES;
				IPHONEOS_DEPLOYMENT_TARGET = 16.2;
				MTL_ENABLE_DEBUG_INFO = NO;
				MTL_FAST_MATH = YES;
				SDKROOT = iphoneos;
				SWIFT_COMPILATION_MODE = wholemodule;
				SWIFT_OPTIMIZATION_LEVEL = "-O";
				VALIDATE_PRODUCT = YES;
			};
			name = Release;
		};
		75A6C12229D2416600649122 /* Debug */ = {
			isa = XCBuildConfiguration;
			baseConfigurationReference = F8FFF2EB8346EB80E9C46C59 /* Pods-GBGooglemaps.debug.xcconfig */;
			buildSettings = {
				ASSETCATALOG_COMPILER_APPICON_NAME = AppIcon;
				ASSETCATALOG_COMPILER_GLOBAL_ACCENT_COLOR_NAME = AccentColor;
				CODE_SIGN_STYLE = Automatic;
				CURRENT_PROJECT_VERSION = 1;
				DEVELOPMENT_TEAM = 47X734N754;
				GENERATE_INFOPLIST_FILE = YES;
				INFOPLIST_FILE = GBGooglemaps/Info.plist;
				INFOPLIST_KEY_NSLocationWhenInUseUsageDescription = "";
				INFOPLIST_KEY_UIApplicationSupportsIndirectInputEvents = YES;
				INFOPLIST_KEY_UILaunchStoryboardName = LaunchScreen;
				INFOPLIST_KEY_UIMainStoryboardFile = Main;
				INFOPLIST_KEY_UISupportedInterfaceOrientations_iPad = "UIInterfaceOrientationPortrait UIInterfaceOrientationPortraitUpsideDown UIInterfaceOrientationLandscapeLeft UIInterfaceOrientationLandscapeRight";
				INFOPLIST_KEY_UISupportedInterfaceOrientations_iPhone = "UIInterfaceOrientationPortrait UIInterfaceOrientationLandscapeLeft UIInterfaceOrientationLandscapeRight";
				LD_RUNPATH_SEARCH_PATHS = (
					"$(inherited)",
					"@executable_path/Frameworks",
				);
				MARKETING_VERSION = 1.0;
				PRODUCT_BUNDLE_IDENTIFIER = hedgehog.GBGooglemaps;
				PRODUCT_NAME = "$(TARGET_NAME)";
				SWIFT_EMIT_LOC_STRINGS = YES;
				SWIFT_VERSION = 5.0;
				TARGETED_DEVICE_FAMILY = "1,2";
			};
			name = Debug;
		};
		75A6C12329D2416600649122 /* Release */ = {
			isa = XCBuildConfiguration;
			baseConfigurationReference = F0044CF13BE26650177A5324 /* Pods-GBGooglemaps.release.xcconfig */;
			buildSettings = {
				ASSETCATALOG_COMPILER_APPICON_NAME = AppIcon;
				ASSETCATALOG_COMPILER_GLOBAL_ACCENT_COLOR_NAME = AccentColor;
				CODE_SIGN_STYLE = Automatic;
				CURRENT_PROJECT_VERSION = 1;
				DEVELOPMENT_TEAM = 47X734N754;
				GENERATE_INFOPLIST_FILE = YES;
				INFOPLIST_FILE = GBGooglemaps/Info.plist;
				INFOPLIST_KEY_NSLocationWhenInUseUsageDescription = "";
				INFOPLIST_KEY_UIApplicationSupportsIndirectInputEvents = YES;
				INFOPLIST_KEY_UILaunchStoryboardName = LaunchScreen;
				INFOPLIST_KEY_UIMainStoryboardFile = Main;
				INFOPLIST_KEY_UISupportedInterfaceOrientations_iPad = "UIInterfaceOrientationPortrait UIInterfaceOrientationPortraitUpsideDown UIInterfaceOrientationLandscapeLeft UIInterfaceOrientationLandscapeRight";
				INFOPLIST_KEY_UISupportedInterfaceOrientations_iPhone = "UIInterfaceOrientationPortrait UIInterfaceOrientationLandscapeLeft UIInterfaceOrientationLandscapeRight";
				LD_RUNPATH_SEARCH_PATHS = (
					"$(inherited)",
					"@executable_path/Frameworks",
				);
				MARKETING_VERSION = 1.0;
				PRODUCT_BUNDLE_IDENTIFIER = hedgehog.GBGooglemaps;
				PRODUCT_NAME = "$(TARGET_NAME)";
				SWIFT_EMIT_LOC_STRINGS = YES;
				SWIFT_VERSION = 5.0;
				TARGETED_DEVICE_FAMILY = "1,2";
			};
			name = Release;
		};
/* End XCBuildConfiguration section */

/* Begin XCConfigurationList section */
		75A6C0F229D2416500649122 /* Build configuration list for PBXProject "GBGooglemaps" */ = {
			isa = XCConfigurationList;
			buildConfigurations = (
				75A6C11F29D2416600649122 /* Debug */,
				75A6C12029D2416600649122 /* Release */,
			);
			defaultConfigurationIsVisible = 0;
			defaultConfigurationName = Release;
		};
		75A6C12129D2416600649122 /* Build configuration list for PBXNativeTarget "GBGooglemaps" */ = {
			isa = XCConfigurationList;
			buildConfigurations = (
				75A6C12229D2416600649122 /* Debug */,
				75A6C12329D2416600649122 /* Release */,
			);
			defaultConfigurationIsVisible = 0;
			defaultConfigurationName = Release;
		};
/* End XCConfigurationList section */
	};
	rootObject = 75A6C0EF29D2416500649122 /* Project object */;
}
